
Microsoft Visual Studio Solution File, Format Version 12.00
# Visual Studio Version 17
VisualStudioVersion = 17.6.33829.357
MinimumVisualStudioVersion = 10.0.40219.1
Project("{FAE04EC0-301F-11D3-BF4B-00C04F79EFBC}") = "TEST", "TEST.csproj", "{54764D78-5A4C-45CF-B374-70C9CAF951A1}"
EndProject
Global
	GlobalSection(SolutionConfigurationPlatforms) = preSolution
		Debug|Any CPU = Debug|Any CPU
		Release|Any CPU = Release|Any CPU
	EndGlobalSection
	GlobalSection(ProjectConfigurationPlatforms) = postSolution
		{54764D78-5A4C-45CF-B374-70C9CAF951A1}.Debug|Any CPU.ActiveCfg = Debug|Any CPU
		{54764D78-5A4C-45CF-B374-70C9CAF951A1}.Debug|Any CPU.Build.0 = Debug|Any CPU
		{54764D78-5A4C-45CF-B374-70C9CAF951A1}.Release|Any CPU.ActiveCfg = Release|Any CPU
		{54764D78-5A4C-45CF-B374-70C9CAF951A1}.Release|Any CPU.Build.0 = Release|Any CPU
	EndGlobalSection
	GlobalSection(SolutionProperties) = preSolution
		HideSolutionNode = FALSE
	EndGlobalSection
	GlobalSection(ExtensibilityGlobals) = postSolution
		SolutionGuid = {004D4CD1-7B7E-4E89-B72A-A2A1E7DEB75B}
	EndGlobalSection
EndGlobal
